
Microsoft Visual Studio Solution File, Format Version 12.00
# Visual Studio Express 2012 for Web
Project("{E24C65DC-7377-472B-9ABA-BC803B73C61A}") = "StronglyTypedDataControlDemo", "StronglyTypedDataControlDemo\", "{EE1811C3-5445-4BAF-9968-5BF7B0D4790E}"
	ProjectSection(WebsiteProperties) = preProject
		TargetFrameworkMoniker = ".NETFramework,Version%3Dv4.5"
		Debug.AspNetCompiler.VirtualPath = "/StronglyTypedDataControlDemo"
		Debug.AspNetCompiler.PhysicalPath = "StronglyTypedDataControlDemo\"
		Debug.AspNetCompiler.TargetPath = "PrecompiledWeb\StronglyTypedDataControlDemo\"
		Debug.AspNetCompiler.Updateable = "true"
		Debug.AspNetCompiler.ForceOverwrite = "true"
		Debug.AspNetCompiler.FixedNames = "false"
		Debug.AspNetCompiler.Debug = "True"
		Release.AspNetCompiler.VirtualPath = "/StronglyTypedDataControlDemo"
		Release.AspNetCompiler.PhysicalPath = "StronglyTypedDataControlDemo\"
		Release.AspNetCompiler.TargetPath = "PrecompiledWeb\StronglyTypedDataControlDemo\"
		Release.AspNetCompiler.Updateable = "true"
		Release.AspNetCompiler.ForceOverwrite = "true"
		Release.AspNetCompiler.FixedNames = "false"
		Release.AspNetCompiler.Debug = "False"
		VWDPort = "62439"
	EndProjectSection
EndProject
Global
	GlobalSection(SolutionConfigurationPlatforms) = preSolution
		Debug|Any CPU = Debug|Any CPU
	EndGlobalSection
	GlobalSection(ProjectConfigurationPlatforms) = postSolution
		{EE1811C3-5445-4BAF-9968-5BF7B0D4790E}.Debug|Any CPU.ActiveCfg = Debug|Any CPU
		{EE1811C3-5445-4BAF-9968-5BF7B0D4790E}.Debug|Any CPU.Build.0 = Debug|Any CPU
	EndGlobalSection
	GlobalSection(SolutionProperties) = preSolution
		HideSolutionNode = FALSE
	EndGlobalSection
EndGlobal
